// !$*UTF8*$!
{
	archiveVersion = 1;
	classes = {
	};
	objectVersion = 50;
	objects = {

/* Begin PBXBuildFile section */
		3F5F3BAC22AFC776005CB4FF /* AppDelegate.swift in Sources */ = {isa = PBXBuildFile; fileRef = 3F5F3BAB22AFC776005CB4FF /* AppDelegate.swift */; };
		3F5F3BAE22AFC776005CB4FF /* art.scnassets in Resources */ = {isa = PBXBuildFile; fileRef = 3F5F3BAD22AFC776005CB4FF /* art.scnassets */; };
		3F5F3BB022AFC776005CB4FF /* ViewController.swift in Sources */ = {isa = PBXBuildFile; fileRef = 3F5F3BAF22AFC776005CB4FF /* ViewController.swift */; };
		3F5F3BB322AFC776005CB4FF /* Main.storyboard in Resources */ = {isa = PBXBuildFile; fileRef = 3F5F3BB122AFC776005CB4FF /* Main.storyboard */; };
		3F5F3BB522AFC777005CB4FF /* Assets.xcassets in Resources */ = {isa = PBXBuildFile; fileRef = 3F5F3BB422AFC777005CB4FF /* Assets.xcassets */; };
		3F5F3BB822AFC777005CB4FF /* LaunchScreen.storyboard in Resources */ = {isa = PBXBuildFile; fileRef = 3F5F3BB622AFC777005CB4FF /* LaunchScreen.storyboard */; };
		3F5F3BC322AFC778005CB4FF /* StarGazerTests.swift in Sources */ = {isa = PBXBuildFile; fileRef = 3F5F3BC222AFC778005CB4FF /* StarGazerTests.swift */; };
		3F5F3BCE22AFC778005CB4FF /* StarGazerUITests.swift in Sources */ = {isa = PBXBuildFile; fileRef = 3F5F3BCD22AFC778005CB4FF /* StarGazerUITests.swift */; };
/* End PBXBuildFile section */

/* Begin PBXContainerItemProxy section */
		3F5F3BBF22AFC778005CB4FF /* PBXContainerItemProxy */ = {
			isa = PBXContainerItemProxy;
			containerPortal = 3F5F3BA022AFC776005CB4FF /* Project object */;
			proxyType = 1;
			remoteGlobalIDString = 3F5F3BA722AFC776005CB4FF;
			remoteInfo = StarGazer;
		};
		3F5F3BCA22AFC778005CB4FF /* PBXContainerItemProxy */ = {
			isa = PBXContainerItemProxy;
			containerPortal = 3F5F3BA022AFC776005CB4FF /* Project object */;
			proxyType = 1;
			remoteGlobalIDString = 3F5F3BA722AFC776005CB4FF;
			remoteInfo = StarGazer;
		};
/* End PBXContainerItemProxy section */

/* Begin PBXFileReference section */
		3F5F3BA822AFC776005CB4FF /* StarGazer.app */ = {isa = PBXFileReference; explicitFileType = wrapper.application; includeInIndex = 0; path = StarGazer.app; sourceTree = BUILT_PRODUCTS_DIR; };
		3F5F3BAB22AFC776005CB4FF /* AppDelegate.swift */ = {isa = PBXFileReference; lastKnownFileType = sourcecode.swift; path = AppDelegate.swift; sourceTree = "<group>"; };
		3F5F3BAD22AFC776005CB4FF /* art.scnassets */ = {isa = PBXFileReference; lastKnownFileType = wrapper.scnassets; path = art.scnassets; sourceTree = "<group>"; };
		3F5F3BAF22AFC776005CB4FF /* ViewController.swift */ = {isa = PBXFileReference; lastKnownFileType = sourcecode.swift; path = ViewController.swift; sourceTree = "<group>"; };
		3F5F3BB222AFC776005CB4FF /* Base */ = {isa = PBXFileReference; lastKnownFileType = file.storyboard; name = Base; path = Base.lproj/Main.storyboard; sourceTree = "<group>"; };
		3F5F3BB422AFC777005CB4FF /* Assets.xcassets */ = {isa = PBXFileReference; lastKnownFileType = folder.assetcatalog; path = Assets.xcassets; sourceTree = "<group>"; };
		3F5F3BB722AFC777005CB4FF /* Base */ = {isa = PBXFileReference; lastKnownFileType = file.storyboard; name = Base; path = Base.lproj/LaunchScreen.storyboard; sourceTree = "<group>"; };
		3F5F3BB922AFC777005CB4FF /* Info.plist */ = {isa = PBXFileReference; lastKnownFileType = text.plist.xml; path = Info.plist; sourceTree = "<group>"; };
		3F5F3BBE22AFC778005CB4FF /* StarGazerTests.xctest */ = {isa = PBXFileReference; explicitFileType = wrapper.cfbundle; includeInIndex = 0; path = StarGazerTests.xctest; sourceTree = BUILT_PRODUCTS_DIR; };
		3F5F3BC222AFC778005CB4FF /* StarGazerTests.swift */ = {isa = PBXFileReference; lastKnownFileType = sourcecode.swift; path = StarGazerTests.swift; sourceTree = "<group>"; };
		3F5F3BC422AFC778005CB4FF /* Info.plist */ = {isa = PBXFileReference; lastKnownFileType = text.plist.xml; path = Info.plist; sourceTree = "<group>"; };
		3F5F3BC922AFC778005CB4FF /* StarGazerUITests.xctest */ = {isa = PBXFileReference; explicitFileType = wrapper.cfbundle; includeInIndex = 0; path = StarGazerUITests.xctest; sourceTree = BUILT_PRODUCTS_DIR; };
		3F5F3BCD22AFC778005CB4FF /* StarGazerUITests.swift */ = {isa = PBXFileReference; lastKnownFileType = sourcecode.swift; path = StarGazerUITests.swift; sourceTree = "<group>"; };
		3F5F3BCF22AFC778005CB4FF /* Info.plist */ = {isa = PBXFileReference; lastKnownFileType = text.plist.xml; path = Info.plist; sourceTree = "<group>"; };
/* End PBXFileReference section */

/* Begin PBXFrameworksBuildPhase section */
		3F5F3BA522AFC776005CB4FF /* Frameworks */ = {
			isa = PBXFrameworksBuildPhase;
			buildActionMask = 2147483647;
			files = (
			);
			runOnlyForDeploymentPostprocessing = 0;
		};
		3F5F3BBB22AFC778005CB4FF /* Frameworks */ = {
			isa = PBXFrameworksBuildPhase;
			buildActionMask = 2147483647;
			files = (
			);
			runOnlyForDeploymentPostprocessing = 0;
		};
		3F5F3BC622AFC778005CB4FF /* Frameworks */ = {
			isa = PBXFrameworksBuildPhase;
			buildActionMask = 2147483647;
			files = (
			);
			runOnlyForDeploymentPostprocessing = 0;
		};
/* End PBXFrameworksBuildPhase section */

/* Begin PBXGroup section */
		3F5F3B9F22AFC776005CB4FF = {
			isa = PBXGroup;
			children = (
				3F5F3BAA22AFC776005CB4FF /* StarGazer */,
				3F5F3BC122AFC778005CB4FF /* StarGazerTests */,
				3F5F3BCC22AFC778005CB4FF /* StarGazerUITests */,
				3F5F3BA922AFC776005CB4FF /* Products */,
			);
			sourceTree = "<group>";
		};
		3F5F3BA922AFC776005CB4FF /* Products */ = {
			isa = PBXGroup;
			children = (
				3F5F3BA822AFC776005CB4FF /* StarGazer.app */,
				3F5F3BBE22AFC778005CB4FF /* StarGazerTests.xctest */,
				3F5F3BC922AFC778005CB4FF /* StarGazerUITests.xctest */,
			);
			name = Products;
			sourceTree = "<group>";
		};
		3F5F3BAA22AFC776005CB4FF /* StarGazer */ = {
			isa = PBXGroup;
			children = (
				3F5F3BAB22AFC776005CB4FF /* AppDelegate.swift */,
				3F5F3BAD22AFC776005CB4FF /* art.scnassets */,
				3F5F3BAF22AFC776005CB4FF /* ViewController.swift */,
				3F5F3BB122AFC776005CB4FF /* Main.storyboard */,
				3F5F3BB422AFC777005CB4FF /* Assets.xcassets */,
				3F5F3BB622AFC777005CB4FF /* LaunchScreen.storyboard */,
				3F5F3BB922AFC777005CB4FF /* Info.plist */,
			);
			path = StarGazer;
			sourceTree = "<group>";
		};
		3F5F3BC122AFC778005CB4FF /* StarGazerTests */ = {
			isa = PBXGroup;
			children = (
				3F5F3BC222AFC778005CB4FF /* StarGazerTests.swift */,
				3F5F3BC422AFC778005CB4FF /* Info.plist */,
			);
			path = StarGazerTests;
			sourceTree = "<group>";
		};
		3F5F3BCC22AFC778005CB4FF /* StarGazerUITests */ = {
			isa = PBXGroup;
			children = (
				3F5F3BCD22AFC778005CB4FF /* StarGazerUITests.swift */,
				3F5F3BCF22AFC778005CB4FF /* Info.plist */,
			);
			path = StarGazerUITests;
			sourceTree = "<group>";
		};
/* End PBXGroup section */

/* Begin PBXNativeTarget section */
		3F5F3BA722AFC776005CB4FF /* StarGazer */ = {
			isa = PBXNativeTarget;
			buildConfigurationList = 3F5F3BD222AFC778005CB4FF /* Build configuration list for PBXNativeTarget "StarGazer" */;
			buildPhases = (
				3F5F3BA422AFC776005CB4FF /* Sources */,
				3F5F3BA522AFC776005CB4FF /* Frameworks */,
				3F5F3BA622AFC776005CB4FF /* Resources */,
			);
			buildRules = (
			);
			dependencies = (
			);
			name = StarGazer;
			productName = StarGazer;
			productReference = 3F5F3BA822AFC776005CB4FF /* StarGazer.app */;
			productType = "com.apple.product-type.application";
		};
		3F5F3BBD22AFC778005CB4FF /* StarGazerTests */ = {
			isa = PBXNativeTarget;
			buildConfigurationList = 3F5F3BD522AFC778005CB4FF /* Build configuration list for PBXNativeTarget "StarGazerTests" */;
			buildPhases = (
				3F5F3BBA22AFC778005CB4FF /* Sources */,
				3F5F3BBB22AFC778005CB4FF /* Frameworks */,
				3F5F3BBC22AFC778005CB4FF /* Resources */,
			);
			buildRules = (
			);
			dependencies = (
				3F5F3BC022AFC778005CB4FF /* PBXTargetDependency */,
			);
			name = StarGazerTests;
			productName = StarGazerTests;
			productReference = 3F5F3BBE22AFC778005CB4FF /* StarGazerTests.xctest */;
			productType = "com.apple.product-type.bundle.unit-test";
		};
		3F5F3BC822AFC778005CB4FF /* StarGazerUITests */ = {
			isa = PBXNativeTarget;
			buildConfigurationList = 3F5F3BD822AFC778005CB4FF /* Build configuration list for PBXNativeTarget "StarGazerUITests" */;
			buildPhases = (
				3F5F3BC522AFC778005CB4FF /* Sources */,
				3F5F3BC622AFC778005CB4FF /* Frameworks */,
				3F5F3BC722AFC778005CB4FF /* Resources */,
			);
			buildRules = (
			);
			dependencies = (
				3F5F3BCB22AFC778005CB4FF /* PBXTargetDependency */,
			);
			name = StarGazerUITests;
			productName = StarGazerUITests;
			productReference = 3F5F3BC922AFC778005CB4FF /* StarGazerUITests.xctest */;
			productType = "com.apple.product-type.bundle.ui-testing";
		};
/* End PBXNativeTarget section */

/* Begin PBXProject section */
		3F5F3BA022AFC776005CB4FF /* Project object */ = {
			isa = PBXProject;
			attributes = {
				LastSwiftUpdateCheck = 1020;
				LastUpgradeCheck = 1020;
				ORGANIZATIONNAME = Student;
				TargetAttributes = {
					3F5F3BA722AFC776005CB4FF = {
						CreatedOnToolsVersion = 10.2.1;
					};
					3F5F3BBD22AFC778005CB4FF = {
						CreatedOnToolsVersion = 10.2.1;
						TestTargetID = 3F5F3BA722AFC776005CB4FF;
					};
					3F5F3BC822AFC778005CB4FF = {
						CreatedOnToolsVersion = 10.2.1;
						TestTargetID = 3F5F3BA722AFC776005CB4FF;
					};
				};
			};
			buildConfigurationList = 3F5F3BA322AFC776005CB4FF /* Build configuration list for PBXProject "StarGazer" */;
			compatibilityVersion = "Xcode 9.3";
			developmentRegion = en;
			hasScannedForEncodings = 0;
			knownRegions = (
				en,
				Base,
			);
			mainGroup = 3F5F3B9F22AFC776005CB4FF;
			productRefGroup = 3F5F3BA922AFC776005CB4FF /* Products */;
			projectDirPath = "";
			projectRoot = "";
			targets = (
				3F5F3BA722AFC776005CB4FF /* StarGazer */,
				3F5F3BBD22AFC778005CB4FF /* StarGazerTests */,
				3F5F3BC822AFC778005CB4FF /* StarGazerUITests */,
			);
		};
/* End PBXProject section */

/* Begin PBXResourcesBuildPhase section */
		3F5F3BA622AFC776005CB4FF /* Resources */ = {
			isa = PBXResourcesBuildPhase;
			buildActionMask = 2147483647;
			files = (
				3F5F3BAE22AFC776005CB4FF /* art.scnassets in Resources */,
				3F5F3BB822AFC777005CB4FF /* LaunchScreen.storyboard in Resources */,
				3F5F3BB522AFC777005CB4FF /* Assets.xcassets in Resources */,
				3F5F3BB322AFC776005CB4FF /* Main.storyboard in Resources */,
			);
			runOnlyForDeploymentPostprocessing = 0;
		};
		3F5F3BBC22AFC778005CB4FF /* Resources */ = {
			isa = PBXResourcesBuildPhase;
			buildActionMask = 2147483647;
			files = (
			);
			runOnlyForDeploymentPostprocessing = 0;
		};
		3F5F3BC722AFC778005CB4FF /* Resources */ = {
			isa = PBXResourcesBuildPhase;
			buildActionMask = 2147483647;
			files = (
			);
			runOnlyForDeploymentPostprocessing = 0;
		};
/* End PBXResourcesBuildPhase section */

/* Begin PBXSourcesBuildPhase section */
		3F5F3BA422AFC776005CB4FF /* Sources */ = {
			isa = PBXSourcesBuildPhase;
			buildActionMask = 2147483647;
			files = (
				3F5F3BB022AFC776005CB4FF /* ViewController.swift in Sources */,
				3F5F3BAC22AFC776005CB4FF /* AppDelegate.swift in Sources */,
			);
			runOnlyForDeploymentPostprocessing = 0;
		};
		3F5F3BBA22AFC778005CB4FF /* Sources */ = {
			isa = PBXSourcesBuildPhase;
			buildActionMask = 2147483647;
			files = (
				3F5F3BC322AFC778005CB4FF /* StarGazerTests.swift in Sources */,
			);
			runOnlyForDeploymentPostprocessing = 0;
		};
		3F5F3BC522AFC778005CB4FF /* Sources */ = {
			isa = PBXSourcesBuildPhase;
			buildActionMask = 2147483647;
			files = (
				3F5F3BCE22AFC778005CB4FF /* StarGazerUITests.swift in Sources */,
			);
			runOnlyForDeploymentPostprocessing = 0;
		};
/* End PBXSourcesBuildPhase section */

/* Begin PBXTargetDependency section */
		3F5F3BC022AFC778005CB4FF /* PBXTargetDependency */ = {
			isa = PBXTargetDependency;
			target = 3F5F3BA722AFC776005CB4FF /* StarGazer */;
			targetProxy = 3F5F3BBF22AFC778005CB4FF /* PBXContainerItemProxy */;
		};
		3F5F3BCB22AFC778005CB4FF /* PBXTargetDependency */ = {
			isa = PBXTargetDependency;
			target = 3F5F3BA722AFC776005CB4FF /* StarGazer */;
			targetProxy = 3F5F3BCA22AFC778005CB4FF /* PBXContainerItemProxy */;
		};
/* End PBXTargetDependency section */

/* Begin PBXVariantGroup section */
		3F5F3BB122AFC776005CB4FF /* Main.storyboard */ = {
			isa = PBXVariantGroup;
			children = (
				3F5F3BB222AFC776005CB4FF /* Base */,
			);
			name = Main.storyboard;
			sourceTree = "<group>";
		};
		3F5F3BB622AFC777005CB4FF /* LaunchScreen.storyboard */ = {
			isa = PBXVariantGroup;
			children = (
				3F5F3BB722AFC777005CB4FF /* Base */,
			);
			name = LaunchScreen.storyboard;
			sourceTree = "<group>";
		};
/* End PBXVariantGroup section */

/* Begin XCBuildConfiguration section */
		3F5F3BD022AFC778005CB4FF /* Debug */ = {
			isa = XCBuildConfiguration;
			buildSettings = {
				ALWAYS_SEARCH_USER_PATHS = NO;
				CLANG_ANALYZER_NONNULL = YES;
				CLANG_ANALYZER_NUMBER_OBJECT_CONVERSION = YES_AGGRESSIVE;
				CLANG_CXX_LANGUAGE_STANDARD = "gnu++14";
				CLANG_CXX_LIBRARY = "libc++";
				CLANG_ENABLE_MODULES = YES;
				CLANG_ENABLE_OBJC_ARC = YES;
				CLANG_ENABLE_OBJC_WEAK = YES;
				CLANG_WARN_BLOCK_CAPTURE_AUTORELEASING = YES;
				CLANG_WARN_BOOL_CONVERSION = YES;
				CLANG_WARN_COMMA = YES;
				CLANG_WARN_CONSTANT_CONVERSION = YES;
				CLANG_WARN_DEPRECATED_OBJC_IMPLEMENTATIONS = YES;
				CLANG_WARN_DIRECT_OBJC_ISA_USAGE = YES_ERROR;
				CLANG_WARN_DOCUMENTATION_COMMENTS = YES;
				CLANG_WARN_EMPTY_BODY = YES;
				CLANG_WARN_ENUM_CONVERSION = YES;
				CLANG_WARN_INFINITE_RECURSION = YES;
				CLANG_WARN_INT_CONVERSION = YES;
				CLANG_WARN_NON_LITERAL_NULL_CONVERSION = YES;
				CLANG_WARN_OBJC_IMPLICIT_RETAIN_SELF = YES;
				CLANG_WARN_OBJC_LITERAL_CONVERSION = YES;
				CLANG_WARN_OBJC_ROOT_CLASS = YES_ERROR;
				CLANG_WARN_RANGE_LOOP_ANALYSIS = YES;
				CLANG_WARN_STRICT_PROTOTYPES = YES;
				CLANG_WARN_SUSPICIOUS_MOVE = YES;
				CLANG_WARN_UNGUARDED_AVAILABILITY = YES_AGGRESSIVE;
				CLANG_WARN_UNREACHABLE_CODE = YES;
				CLANG_WARN__DUPLICATE_METHOD_MATCH = YES;
				CODE_SIGN_IDENTITY = "iPhone Developer";
				COPY_PHASE_STRIP = NO;
				DEBUG_INFORMATION_FORMAT = dwarf;
				ENABLE_STRICT_OBJC_MSGSEND = YES;
				ENABLE_TESTABILITY = YES;
				GCC_C_LANGUAGE_STANDARD = gnu11;
				GCC_DYNAMIC_NO_PIC = NO;
				GCC_NO_COMMON_BLOCKS = YES;
				GCC_OPTIMIZATION_LEVEL = 0;
				GCC_PREPROCESSOR_DEFINITIONS = (
					"DEBUG=1",
					"$(inherited)",
				);
				GCC_WARN_64_TO_32_BIT_CONVERSION = YES;
				GCC_WARN_ABOUT_RETURN_TYPE = YES_ERROR;
				GCC_WARN_UNDECLARED_SELECTOR = YES;
				GCC_WARN_UNINITIALIZED_AUTOS = YES_AGGRESSIVE;
				GCC_WARN_UNUSED_FUNCTION = YES;
				GCC_WARN_UNUSED_VARIABLE = YES;
				IPHONEOS_DEPLOYMENT_TARGET = 12.2;
				MTL_ENABLE_DEBUG_INFO = INCLUDE_SOURCE;
				MTL_FAST_MATH = YES;
				ONLY_ACTIVE_ARCH = YES;
				SDKROOT = iphoneos;
				SWIFT_ACTIVE_COMPILATION_CONDITIONS = DEBUG;
				SWIFT_OPTIMIZATION_LEVEL = "-Onone";
			};
			name = Debug;
		};
		3F5F3BD122AFC778005CB4FF /* Release */ = {
			isa = XCBuildConfiguration;
			buildSettings = {
				ALWAYS_SEARCH_USER_PATHS = NO;
				CLANG_ANALYZER_NONNULL = YES;
				CLANG_ANALYZER_NUMBER_OBJECT_CONVERSION = YES_AGGRESSIVE;
				CLANG_CXX_LANGUAGE_STANDARD = "gnu++14";
				CLANG_CXX_LIBRARY = "libc++";
				CLANG_ENABLE_MODULES = YES;
				CLANG_ENABLE_OBJC_ARC = YES;
				CLANG_ENABLE_OBJC_WEAK = YES;
				CLANG_WARN_BLOCK_CAPTURE_AUTORELEASING = YES;
				CLANG_WARN_BOOL_CONVERSION = YES;
				CLANG_WARN_COMMA = YES;
				CLANG_WARN_CONSTANT_CONVERSION = YES;
				CLANG_WARN_DEPRECATED_OBJC_IMPLEMENTATIONS = YES;
				CLANG_WARN_DIRECT_OBJC_ISA_USAGE = YES_ERROR;
				CLANG_WARN_DOCUMENTATION_COMMENTS = YES;
				CLANG_WARN_EMPTY_BODY = YES;
				CLANG_WARN_ENUM_CONVERSION = YES;
				CLANG_WARN_INFINITE_RECURSION = YES;
				CLANG_WARN_INT_CONVERSION = YES;
				CLANG_WARN_NON_LITERAL_NULL_CONVERSION = YES;
				CLANG_WARN_OBJC_IMPLICIT_RETAIN_SELF = YES;
				CLANG_WARN_OBJC_LITERAL_CONVERSION = YES;
				CLANG_WARN_OBJC_ROOT_CLASS = YES_ERROR;
				CLANG_WARN_RANGE_LOOP_ANALYSIS = YES;
				CLANG_WARN_STRICT_PROTOTYPES = YES;
				CLANG_WARN_SUSPICIOUS_MOVE = YES;
				CLANG_WARN_UNGUARDED_AVAILABILITY = YES_AGGRESSIVE;
				CLANG_WARN_UNREACHABLE_CODE = YES;
				CLANG_WARN__DUPLICATE_METHOD_MATCH = YES;
				CODE_SIGN_IDENTITY = "iPhone Developer";
				COPY_PHASE_STRIP = NO;
				DEBUG_INFORMATION_FORMAT = "dwarf-with-dsym";
				ENABLE_NS_ASSERTIONS = NO;
				ENABLE_STRICT_OBJC_MSGSEND = YES;
				GCC_C_LANGUAGE_STANDARD = gnu11;
				GCC_NO_COMMON_BLOCKS = YES;
				GCC_WARN_64_TO_32_BIT_CONVERSION = YES;
				GCC_WARN_ABOUT_RETURN_TYPE = YES_ERROR;
				GCC_WARN_UNDECLARED_SELECTOR = YES;
				GCC_WARN_UNINITIALIZED_AUTOS = YES_AGGRESSIVE;
				GCC_WARN_UNUSED_FUNCTION = YES;
				GCC_WARN_UNUSED_VARIABLE = YES;
				IPHONEOS_DEPLOYMENT_TARGET = 12.2;
				MTL_ENABLE_DEBUG_INFO = NO;
				MTL_FAST_MATH = YES;
				SDKROOT = iphoneos;
				SWIFT_COMPILATION_MODE = wholemodule;
				SWIFT_OPTIMIZATION_LEVEL = "-O";
				VALIDATE_PRODUCT = YES;
			};
			name = Release;
		};
		3F5F3BD322AFC778005CB4FF /* Debug */ = {
			isa = XCBuildConfiguration;
			buildSettings = {
				ASSETCATALOG_COMPILER_APPICON_NAME = AppIcon;
				CODE_SIGN_STYLE = Automatic;
				INFOPLIST_FILE = StarGazer/Info.plist;
				LD_RUNPATH_SEARCH_PATHS = (
					"$(inherited)",
					"@executable_path/Frameworks",
				);
				PRODUCT_BUNDLE_IDENTIFIER = StarGeezers.StarGazer;
				PRODUCT_NAME = "$(TARGET_NAME)";
				SWIFT_VERSION = 5.0;
				TARGETED_DEVICE_FAMILY = "1,2";
			};
			name = Debug;
		};
		3F5F3BD422AFC778005CB4FF /* Release */ = {
			isa = XCBuildConfiguration;
			buildSettings = {
				ASSETCATALOG_COMPILER_APPICON_NAME = AppIcon;
				CODE_SIGN_STYLE = Automatic;
				INFOPLIST_FILE = StarGazer/Info.plist;
				LD_RUNPATH_SEARCH_PATHS = (
					"$(inherited)",
					"@executable_path/Frameworks",
				);
				PRODUCT_BUNDLE_IDENTIFIER = StarGeezers.StarGazer;
				PRODUCT_NAME = "$(TARGET_NAME)";
				SWIFT_VERSION = 5.0;
				TARGETED_DEVICE_FAMILY = "1,2";
			};
			name = Release;
		};
		3F5F3BD622AFC778005CB4FF /* Debug */ = {
			isa = XCBuildConfiguration;
			buildSettings = {
				ALWAYS_EMBED_SWIFT_STANDARD_LIBRARIES = YES;
				BUNDLE_LOADER = "$(TEST_HOST)";
				CODE_SIGN_STYLE = Automatic;
				INFOPLIST_FILE = StarGazerTests/Info.plist;
				LD_RUNPATH_SEARCH_PATHS = (
					"$(inherited)",
					"@executable_path/Frameworks",
					"@loader_path/Frameworks",
				);
				PRODUCT_BUNDLE_IDENTIFIER = StarGeezers.StarGazerTests;
				PRODUCT_NAME = "$(TARGET_NAME)";
				SWIFT_VERSION = 5.0;
				TARGETED_DEVICE_FAMILY = "1,2";
				TEST_HOST = "$(BUILT_PRODUCTS_DIR)/StarGazer.app/StarGazer";
			};
			name = Debug;
		};
		3F5F3BD722AFC778005CB4FF /* Release */ = {
			isa = XCBuildConfiguration;
			buildSettings = {
				ALWAYS_EMBED_SWIFT_STANDARD_LIBRARIES = YES;
				BUNDLE_LOADER = "$(TEST_HOST)";
				CODE_SIGN_STYLE = Automatic;
				INFOPLIST_FILE = StarGazerTests/Info.plist;
				LD_RUNPATH_SEARCH_PATHS = (
					"$(inherited)",
					"@executable_path/Frameworks",
					"@loader_path/Frameworks",
				);
				PRODUCT_BUNDLE_IDENTIFIER = StarGeezers.StarGazerTests;
				PRODUCT_NAME = "$(TARGET_NAME)";
				SWIFT_VERSION = 5.0;
				TARGETED_DEVICE_FAMILY = "1,2";
				TEST_HOST = "$(BUILT_PRODUCTS_DIR)/StarGazer.app/StarGazer";
			};
			name = Release;
		};
		3F5F3BD922AFC778005CB4FF /* Debug */ = {
			isa = XCBuildConfiguration;
			buildSettings = {
				ALWAYS_EMBED_SWIFT_STANDARD_LIBRARIES = YES;
				CODE_SIGN_STYLE = Automatic;
				INFOPLIST_FILE = StarGazerUITests/Info.plist;
				LD_RUNPATH_SEARCH_PATHS = (
					"$(inherited)",
					"@executable_path/Frameworks",
					"@loader_path/Frameworks",
				);
				PRODUCT_BUNDLE_IDENTIFIER = StarGeezers.StarGazerUITests;
				PRODUCT_NAME = "$(TARGET_NAME)";
				SWIFT_VERSION = 5.0;
				TARGETED_DEVICE_FAMILY = "1,2";
				TEST_TARGET_NAME = StarGazer;
			};
			name = Debug;
		};
		3F5F3BDA22AFC778005CB4FF /* Release */ = {
			isa = XCBuildConfiguration;
			buildSettings = {
				ALWAYS_EMBED_SWIFT_STANDARD_LIBRARIES = YES;
				CODE_SIGN_STYLE = Automatic;
				INFOPLIST_FILE = StarGazerUITests/Info.plist;
				LD_RUNPATH_SEARCH_PATHS = (
					"$(inherited)",
					"@executable_path/Frameworks",
					"@loader_path/Frameworks",
				);
				PRODUCT_BUNDLE_IDENTIFIER = StarGeezers.StarGazerUITests;
				PRODUCT_NAME = "$(TARGET_NAME)";
				SWIFT_VERSION = 5.0;
				TARGETED_DEVICE_FAMILY = "1,2";
				TEST_TARGET_NAME = StarGazer;
			};
			name = Release;
		};
/* End XCBuildConfiguration section */

/* Begin XCConfigurationList section */
		3F5F3BA322AFC776005CB4FF /* Build configuration list for PBXProject "StarGazer" */ = {
			isa = XCConfigurationList;
			buildConfigurations = (
				3F5F3BD022AFC778005CB4FF /* Debug */,
				3F5F3BD122AFC778005CB4FF /* Release */,
			);
			defaultConfigurationIsVisible = 0;
			defaultConfigurationName = Release;
		};
		3F5F3BD222AFC778005CB4FF /* Build configuration list for PBXNativeTarget "StarGazer" */ = {
			isa = XCConfigurationList;
			buildConfigurations = (
				3F5F3BD322AFC778005CB4FF /* Debug */,
				3F5F3BD422AFC778005CB4FF /* Release */,
			);
			defaultConfigurationIsVisible = 0;
			defaultConfigurationName = Release;
		};
		3F5F3BD522AFC778005CB4FF /* Build configuration list for PBXNativeTarget "StarGazerTests" */ = {
			isa = XCConfigurationList;
			buildConfigurations = (
				3F5F3BD622AFC778005CB4FF /* Debug */,
				3F5F3BD722AFC778005CB4FF /* Release */,
			);
			defaultConfigurationIsVisible = 0;
			defaultConfigurationName = Release;
		};
		3F5F3BD822AFC778005CB4FF /* Build configuration list for PBXNativeTarget "StarGazerUITests" */ = {
			isa = XCConfigurationList;
			buildConfigurations = (
				3F5F3BD922AFC778005CB4FF /* Debug */,
				3F5F3BDA22AFC778005CB4FF /* Release */,
			);
			defaultConfigurationIsVisible = 0;
			defaultConfigurationName = Release;
		};
/* End XCConfigurationList section */
	};
	rootObject = 3F5F3BA022AFC776005CB4FF /* Project object */;
}
